// !$*UTF8*$!
{
	archiveVersion = 1;
	classes = {
	};
	objectVersion = 46;
	objects = {

/* Begin PBXBuildFile section */
		189A21EE1CE99DFF00D1CA5C /* main.m in Sources */ = {isa = PBXBuildFile; fileRef = 189A21ED1CE99DFF00D1CA5C /* main.m */; };
		189A21F11CE99DFF00D1CA5C /* AppDelegate.m in Sources */ = {isa = PBXBuildFile; fileRef = 189A21F01CE99DFF00D1CA5C /* AppDelegate.m */; };
		189A21F41CE99DFF00D1CA5C /* ViewController.m in Sources */ = {isa = PBXBuildFile; fileRef = 189A21F31CE99DFF00D1CA5C /* ViewController.m */; };
		189A21F71CE99DFF00D1CA5C /* Main.storyboard in Resources */ = {isa = PBXBuildFile; fileRef = 189A21F51CE99DFF00D1CA5C /* Main.storyboard */; };
		189A21F91CE99DFF00D1CA5C /* Assets.xcassets in Resources */ = {isa = PBXBuildFile; fileRef = 189A21F81CE99DFF00D1CA5C /* Assets.xcassets */; };
		189A21FC1CE99DFF00D1CA5C /* LaunchScreen.storyboard in Resources */ = {isa = PBXBuildFile; fileRef = 189A21FA1CE99DFF00D1CA5C /* LaunchScreen.storyboard */; };
		189A22051CE9AAAC00D1CA5C /* TestView.m in Sources */ = {isa = PBXBuildFile; fileRef = 189A22041CE9AAAC00D1CA5C /* TestView.m */; };
/* End PBXBuildFile section */

/* Begin PBXFileReference section */
		189A21E91CE99DFF00D1CA5C /* MyProj.app */ = {isa = PBXFileReference; explicitFileType = wrapper.application; includeInIndex = 0; path = MyProj.app; sourceTree = BUILT_PRODUCTS_DIR; };
		189A21ED1CE99DFF00D1CA5C /* main.m */ = {isa = PBXFileReference; lastKnownFileType = sourcecode.c.objc; path = main.m; sourceTree = "<group>"; };
		189A21EF1CE99DFF00D1CA5C /* AppDelegate.h */ = {isa = PBXFileReference; lastKnownFileType = sourcecode.c.h; path = AppDelegate.h; sourceTree = "<group>"; };
		189A21F01CE99DFF00D1CA5C /* AppDelegate.m */ = {isa = PBXFileReference; lastKnownFileType = sourcecode.c.objc; path = AppDelegate.m; sourceTree = "<group>"; };
		189A21F21CE99DFF00D1CA5C /* ViewController.h */ = {isa = PBXFileReference; lastKnownFileType = sourcecode.c.h; path = ViewController.h; sourceTree = "<group>"; };
		189A21F31CE99DFF00D1CA5C /* ViewController.m */ = {isa = PBXFileReference; lastKnownFileType = sourcecode.c.objc; path = ViewController.m; sourceTree = "<group>"; };
		189A21F61CE99DFF00D1CA5C /* Base */ = {isa = PBXFileReference; lastKnownFileType = file.storyboard; name = Base; path = Base.lproj/Main.storyboard; sourceTree = "<group>"; };
		189A21F81CE99DFF00D1CA5C /* Assets.xcassets */ = {isa = PBXFileReference; lastKnownFileType = folder.assetcatalog; path = Assets.xcassets; sourceTree = "<group>"; };
		189A21FB1CE99DFF00D1CA5C /* Base */ = {isa = PBXFileReference; lastKnownFileType = file.storyboard; name = Base; path = Base.lproj/LaunchScreen.storyboard; sourceTree = "<group>"; };
		189A21FD1CE99DFF00D1CA5C /* Info.plist */ = {isa = PBXFileReference; lastKnownFileType = text.plist.xml; path = Info.plist; sourceTree = "<group>"; };
		189A22031CE9AAAC00D1CA5C /* TestView.h */ = {isa = PBXFileReference; fileEncoding = 4; lastKnownFileType = sourcecode.c.h; path = TestView.h; sourceTree = "<group>"; };
		189A22041CE9AAAC00D1CA5C /* TestView.m */ = {isa = PBXFileReference; fileEncoding = 4; lastKnownFileType = sourcecode.c.objc; path = TestView.m; sourceTree = "<group>"; };
/* End PBXFileReference section */

/* Begin PBXFrameworksBuildPhase section */
		189A21E61CE99DFF00D1CA5C /* Frameworks */ = {
			isa = PBXFrameworksBuildPhase;
			buildActionMask = 2147483647;
			files = (
			);
			runOnlyForDeploymentPostprocessing = 0;
		};
/* End PBXFrameworksBuildPhase section */

/* Begin PBXGroup section */
		189A21E01CE99DFE00D1CA5C = {
			isa = PBXGroup;
			children = (
				189A21EB1CE99DFF00D1CA5C /* MyProj */,
				189A21EA1CE99DFF00D1CA5C /* Products */,
			);
			sourceTree = "<group>";
		};
		189A21EA1CE99DFF00D1CA5C /* Products */ = {
			isa = PBXGroup;
			children = (
				189A21E91CE99DFF00D1CA5C /* MyProj.app */,
			);
			name = Products;
			sourceTree = "<group>";
		};
		189A21EB1CE99DFF00D1CA5C /* MyProj */ = {
			isa = PBXGroup;
			children = (
				189A21EF1CE99DFF00D1CA5C /* AppDelegate.h */,
				189A21F01CE99DFF00D1CA5C /* AppDelegate.m */,
				189A21F21CE99DFF00D1CA5C /* ViewController.h */,
				189A21F31CE99DFF00D1CA5C /* ViewController.m */,
				189A22031CE9AAAC00D1CA5C /* TestView.h */,
				189A22041CE9AAAC00D1CA5C /* TestView.m */,
				189A21F51CE99DFF00D1CA5C /* Main.storyboard */,
				189A21F81CE99DFF00D1CA5C /* Assets.xcassets */,
				189A21FA1CE99DFF00D1CA5C /* LaunchScreen.storyboard */,
				189A21FD1CE99DFF00D1CA5C /* Info.plist */,
				189A21EC1CE99DFF00D1CA5C /* Supporting Files */,
			);
			path = MyProj;
			sourceTree = "<group>";
		};
		189A21EC1CE99DFF00D1CA5C /* Supporting Files */ = {
			isa = PBXGroup;
			children = (
				189A21ED1CE99DFF00D1CA5C /* main.m */,
			);
			name = "Supporting Files";
			sourceTree = "<group>";
		};
/* End PBXGroup section */

/* Begin PBXNativeTarget section */
		189A21E81CE99DFF00D1CA5C /* MyProj */ = {
			isa = PBXNativeTarget;
			buildConfigurationList = 189A22001CE99DFF00D1CA5C /* Build configuration list for PBXNativeTarget "MyProj" */;
			buildPhases = (
				189A21E51CE99DFF00D1CA5C /* Sources */,
				189A21E61CE99DFF00D1CA5C /* Frameworks */,
				189A21E71CE99DFF00D1CA5C /* Resources */,
			);
			buildRules = (
			);
			dependencies = (
			);
			name = MyProj;
			productName = MyProj;
			productReference = 189A21E91CE99DFF00D1CA5C /* MyProj.app */;
			productType = "com.apple.product-type.application";
		};
/* End PBXNativeTarget section */

/* Begin PBXProject section */
		189A21E11CE99DFF00D1CA5C /* Project object */ = {
			isa = PBXProject;
			attributes = {
				LastUpgradeCheck = 0710;
				ORGANIZATIONNAME = cn.good;
				TargetAttributes = {
					189A21E81CE99DFF00D1CA5C = {
						CreatedOnToolsVersion = 7.1;
					};
				};
			};
			buildConfigurationList = 189A21E41CE99DFF00D1CA5C /* Build configuration list for PBXProject "MyProj" */;
			compatibilityVersion = "Xcode 3.2";
			developmentRegion = English;
			hasScannedForEncodings = 0;
			knownRegions = (
				en,
				Base,
			);
			mainGroup = 189A21E01CE99DFE00D1CA5C;
			productRefGroup = 189A21EA1CE99DFF00D1CA5C /* Products */;
			projectDirPath = "";
			projectRoot = "";
			targets = (
				189A21E81CE99DFF00D1CA5C /* MyProj */,
			);
		};
/* End PBXProject section */

/* Begin PBXResourcesBuildPhase section */
		189A21E71CE99DFF00D1CA5C /* Resources */ = {
			isa = PBXResourcesBuildPhase;
			buildActionMask = 2147483647;
			files = (
				189A21FC1CE99DFF00D1CA5C /* LaunchScreen.storyboard in Resources */,
				189A21F91CE99DFF00D1CA5C /* Assets.xcassets in Resources */,
				189A21F71CE99DFF00D1CA5C /* Main.storyboard in Resources */,
			);
			runOnlyForDeploymentPostprocessing = 0;
		};
/* End PBXResourcesBuildPhase section */

/* Begin PBXSourcesBuildPhase section */
		189A21E51CE99DFF00D1CA5C /* Sources */ = {
			isa = PBXSourcesBuildPhase;
			buildActionMask = 2147483647;
			files = (
				189A22051CE9AAAC00D1CA5C /* TestView.m in Sources */,
				189A21F41CE99DFF00D1CA5C /* ViewController.m in Sources */,
				189A21F11CE99DFF00D1CA5C /* AppDelegate.m in Sources */,
				189A21EE1CE99DFF00D1CA5C /* main.m in Sources */,
			);
			runOnlyForDeploymentPostprocessing = 0;
		};
/* End PBXSourcesBuildPhase section */

/* Begin PBXVariantGroup section */
		189A21F51CE99DFF00D1CA5C /* Main.storyboard */ = {
			isa = PBXVariantGroup;
			children = (
				189A21F61CE99DFF00D1CA5C /* Base */,
			);
			name = Main.storyboard;
			sourceTree = "<group>";
		};
		189A21FA1CE99DFF00D1CA5C /* LaunchScreen.storyboard */ = {
			isa = PBXVariantGroup;
			children = (
				189A21FB1CE99DFF00D1CA5C /* Base */,
			);
			name = LaunchScreen.storyboard;
			sourceTree = "<group>";
		};
/* End PBXVariantGroup section */

/* Begin XCBuildConfiguration section */
		189A21FE1CE99DFF00D1CA5C /* Debug */ = {
			isa = XCBuildConfiguration;
			buildSettings = {
				ALWAYS_SEARCH_USER_PATHS = NO;
				CLANG_CXX_LANGUAGE_STANDARD = "gnu++0x";
				CLANG_CXX_LIBRARY = "libc++";
				CLANG_ENABLE_MODULES = YES;
				CLANG_ENABLE_OBJC_ARC = YES;
				CLANG_WARN_BOOL_CONVERSION = YES;
				CLANG_WARN_CONSTANT_CONVERSION = YES;
				CLANG_WARN_DIRECT_OBJC_ISA_USAGE = YES_ERROR;
				CLANG_WARN_EMPTY_BODY = YES;
				CLANG_WARN_ENUM_CONVERSION = YES;
				CLANG_WARN_INT_CONVERSION = YES;
				CLANG_WARN_OBJC_ROOT_CLASS = YES_ERROR;
				CLANG_WARN_UNREACHABLE_CODE = YES;
				CLANG_WARN__DUPLICATE_METHOD_MATCH = YES;
				"CODE_SIGN_IDENTITY[sdk=iphoneos*]" = "iPhone Developer";
				COPY_PHASE_STRIP = NO;
				DEBUG_INFORMATION_FORMAT = dwarf;
				ENABLE_STRICT_OBJC_MSGSEND = YES;
				ENABLE_TESTABILITY = YES;
				GCC_C_LANGUAGE_STANDARD = gnu99;
				GCC_DYNAMIC_NO_PIC = NO;
				GCC_NO_COMMON_BLOCKS = YES;
				GCC_OPTIMIZATION_LEVEL = 0;
				GCC_PREPROCESSOR_DEFINITIONS = (
					"DEBUG=1",
					"$(inherited)",
				);
				GCC_WARN_64_TO_32_BIT_CONVERSION = YES;
				GCC_WARN_ABOUT_RETURN_TYPE = YES_ERROR;
				GCC_WARN_UNDECLARED_SELECTOR = YES;
				GCC_WARN_UNINITIALIZED_AUTOS = YES_AGGRESSIVE;
				GCC_WARN_UNUSED_FUNCTION = YES;
				GCC_WARN_UNUSED_VARIABLE = YES;
				IPHONEOS_DEPLOYMENT_TARGET = 9.1;
				MTL_ENABLE_DEBUG_INFO = YES;
				ONLY_ACTIVE_ARCH = YES;
				SDKROOT = iphoneos;
			};
			name = Debug;
		};
		189A21FF1CE99DFF00D1CA5C /* Release */ = {
			isa = XCBuildConfiguration;
			buildSettings = {
				ALWAYS_SEARCH_USER_PATHS = NO;
				CLANG_CXX_LANGUAGE_STANDARD = "gnu++0x";
				CLANG_CXX_LIBRARY = "libc++";
				CLANG_ENABLE_MODULES = YES;
				CLANG_ENABLE_OBJC_ARC = YES;
				CLANG_WARN_BOOL_CONVERSION = YES;
				CLANG_WARN_CONSTANT_CONVERSION = YES;
				CLANG_WARN_DIRECT_OBJC_ISA_USAGE = YES_ERROR;
				CLANG_WARN_EMPTY_BODY = YES;
				CLANG_WARN_ENUM_CONVERSION = YES;
				CLANG_WARN_INT_CONVERSION = YES;
				CLANG_WARN_OBJC_ROOT_CLASS = YES_ERROR;
				CLANG_WARN_UNREACHABLE_CODE = YES;
				CLANG_WARN__DUPLICATE_METHOD_MATCH = YES;
				"CODE_SIGN_IDENTITY[sdk=iphoneos*]" = "iPhone Developer";
				COPY_PHASE_STRIP = NO;
				DEBUG_INFORMATION_FORMAT = "dwarf-with-dsym";
				ENABLE_NS_ASSERTIONS = NO;
				ENABLE_STRICT_OBJC_MSGSEND = YES;
				GCC_C_LANGUAGE_STANDARD = gnu99;
				GCC_NO_COMMON_BLOCKS = YES;
				GCC_WARN_64_TO_32_BIT_CONVERSION = YES;
				GCC_WARN_ABOUT_RETURN_TYPE = YES_ERROR;
				GCC_WARN_UNDECLARED_SELECTOR = YES;
				GCC_WARN_UNINITIALIZED_AUTOS = YES_AGGRESSIVE;
				GCC_WARN_UNUSED_FUNCTION = YES;
				GCC_WARN_UNUSED_VARIABLE = YES;
				IPHONEOS_DEPLOYMENT_TARGET = 9.1;
				MTL_ENABLE_DEBUG_INFO = NO;
				SDKROOT = iphoneos;
				VALIDATE_PRODUCT = YES;
			};
			name = Release;
		};
		189A22011CE99DFF00D1CA5C /* Debug */ = {
			isa = XCBuildConfiguration;
			buildSettings = {
				ASSETCATALOG_COMPILER_APPICON_NAME = AppIcon;
				INFOPLIST_FILE = MyProj/Info.plist;
				LD_RUNPATH_SEARCH_PATHS = "$(inherited) @executable_path/Frameworks";
				PRODUCT_BUNDLE_IDENTIFIER = cn.enlife.MyProj;
				PRODUCT_NAME = "$(TARGET_NAME)";
			};
			name = Debug;
		};
		189A22021CE99DFF00D1CA5C /* Release */ = {
			isa = XCBuildConfiguration;
			buildSettings = {
				ASSETCATALOG_COMPILER_APPICON_NAME = AppIcon;
				INFOPLIST_FILE = MyProj/Info.plist;
				LD_RUNPATH_SEARCH_PATHS = "$(inherited) @executable_path/Frameworks";
				PRODUCT_BUNDLE_IDENTIFIER = cn.enlife.MyProj;
				PRODUCT_NAME = "$(TARGET_NAME)";
			};
			name = Release;
		};
/* End XCBuildConfiguration section */

/* Begin XCConfigurationList section */
		189A21E41CE99DFF00D1CA5C /* Build configuration list for PBXProject "MyProj" */ = {
			isa = XCConfigurationList;
			buildConfigurations = (
				189A21FE1CE99DFF00D1CA5C /* Debug */,
				189A21FF1CE99DFF00D1CA5C /* Release */,
			);
			defaultConfigurationIsVisible = 0;
			defaultConfigurationName = Release;
		};
		189A22001CE99DFF00D1CA5C /* Build configuration list for PBXNativeTarget "MyProj" */ = {
			isa = XCConfigurationList;
			buildConfigurations = (
				189A22011CE99DFF00D1CA5C /* Debug */,
				189A22021CE99DFF00D1CA5C /* Release */,
			);
			defaultConfigurationIsVisible = 0;
		};
/* End XCConfigurationList section */
	};
	rootObject = 189A21E11CE99DFF00D1CA5C /* Project object */;
}
